// !$*UTF8*$!
{
	archiveVersion = 1;
	classes = {
	};
	objectVersion = 46;
	objects = {

/* Begin PBXBuildFile section */
		5A830AAD1ECECB7A00BB9299 /* ColorGenerator.m in Sources */ = {isa = PBXBuildFile; fileRef = 5A830AAC1ECECB7A00BB9299 /* ColorGenerator.m */; };
		5A830AC01ECED85100BB9299 /* UIAlertController+ContactList.m in Sources */ = {isa = PBXBuildFile; fileRef = 5A830ABF1ECED85100BB9299 /* UIAlertController+ContactList.m */; };
		5A8639DD1ECD5BE500F3D3C5 /* main.m in Sources */ = {isa = PBXBuildFile; fileRef = 5A8639DC1ECD5BE500F3D3C5 /* main.m */; };
		5A8639E01ECD5BE500F3D3C5 /* AppDelegate.m in Sources */ = {isa = PBXBuildFile; fileRef = 5A8639DF1ECD5BE500F3D3C5 /* AppDelegate.m */; };
		5A8639E61ECD5BE500F3D3C5 /* Main.storyboard in Resources */ = {isa = PBXBuildFile; fileRef = 5A8639E41ECD5BE500F3D3C5 /* Main.storyboard */; };
		5A8639E81ECD5BE500F3D3C5 /* Assets.xcassets in Resources */ = {isa = PBXBuildFile; fileRef = 5A8639E71ECD5BE500F3D3C5 /* Assets.xcassets */; };
		5A8639EB1ECD5BE500F3D3C5 /* LaunchScreen.storyboard in Resources */ = {isa = PBXBuildFile; fileRef = 5A8639E91ECD5BE500F3D3C5 /* LaunchScreen.storyboard */; };
		5A8639F61ECD5BE500F3D3C5 /* ContactListTests.m in Sources */ = {isa = PBXBuildFile; fileRef = 5A8639F51ECD5BE500F3D3C5 /* ContactListTests.m */; };
		5A863A091ECD5D3000F3D3C5 /* ContactListViewController.m in Sources */ = {isa = PBXBuildFile; fileRef = 5A863A081ECD5D3000F3D3C5 /* ContactListViewController.m */; };
		5A863A0A1ECD5D3000F3D3C5 /* ContactListViewController.m in Sources */ = {isa = PBXBuildFile; fileRef = 5A863A081ECD5D3000F3D3C5 /* ContactListViewController.m */; };
		5A863A101ECD5E4900F3D3C5 /* ContactInfoTableViewCell.xib in Resources */ = {isa = PBXBuildFile; fileRef = 5A863A0F1ECD5E4900F3D3C5 /* ContactInfoTableViewCell.xib */; };
		5A863A111ECD5E4900F3D3C5 /* ContactInfoTableViewCell.xib in Resources */ = {isa = PBXBuildFile; fileRef = 5A863A0F1ECD5E4900F3D3C5 /* ContactInfoTableViewCell.xib */; };
		5A863A141ECD5EC700F3D3C5 /* ContactInfoTableViewCell.m in Sources */ = {isa = PBXBuildFile; fileRef = 5A863A131ECD5EC700F3D3C5 /* ContactInfoTableViewCell.m */; };
		5A863A151ECD5EC700F3D3C5 /* ContactInfoTableViewCell.m in Sources */ = {isa = PBXBuildFile; fileRef = 5A863A131ECD5EC700F3D3C5 /* ContactInfoTableViewCell.m */; };
		5A863A181ECD638D00F3D3C5 /* ContactPerson.m in Sources */ = {isa = PBXBuildFile; fileRef = 5A863A171ECD638D00F3D3C5 /* ContactPerson.m */; };
		5A863A191ECD638D00F3D3C5 /* ContactPerson.m in Sources */ = {isa = PBXBuildFile; fileRef = 5A863A171ECD638D00F3D3C5 /* ContactPerson.m */; };
/* End PBXBuildFile section */

/* Begin PBXContainerItemProxy section */
		5A8639F21ECD5BE500F3D3C5 /* PBXContainerItemProxy */ = {
			isa = PBXContainerItemProxy;
			containerPortal = 5A8639D01ECD5BE500F3D3C5 /* Project object */;
			proxyType = 1;
			remoteGlobalIDString = 5A8639D71ECD5BE500F3D3C5;
			remoteInfo = ContactList;
		};
/* End PBXContainerItemProxy section */

/* Begin PBXFileReference section */
		5A830AAB1ECECB7A00BB9299 /* ColorGenerator.h */ = {isa = PBXFileReference; fileEncoding = 4; lastKnownFileType = sourcecode.c.h; path = ColorGenerator.h; sourceTree = "<group>"; };
		5A830AAC1ECECB7A00BB9299 /* ColorGenerator.m */ = {isa = PBXFileReference; fileEncoding = 4; lastKnownFileType = sourcecode.c.objc; path = ColorGenerator.m; sourceTree = "<group>"; };
		5A830ABE1ECED85100BB9299 /* UIAlertController+ContactList.h */ = {isa = PBXFileReference; fileEncoding = 4; lastKnownFileType = sourcecode.c.h; path = "UIAlertController+ContactList.h"; sourceTree = "<group>"; };
		5A830ABF1ECED85100BB9299 /* UIAlertController+ContactList.m */ = {isa = PBXFileReference; fileEncoding = 4; lastKnownFileType = sourcecode.c.objc; path = "UIAlertController+ContactList.m"; sourceTree = "<group>"; };
		5A8639D81ECD5BE500F3D3C5 /* ContactList.app */ = {isa = PBXFileReference; explicitFileType = wrapper.application; includeInIndex = 0; path = ContactList.app; sourceTree = BUILT_PRODUCTS_DIR; };
		5A8639DC1ECD5BE500F3D3C5 /* main.m */ = {isa = PBXFileReference; lastKnownFileType = sourcecode.c.objc; path = main.m; sourceTree = "<group>"; };
		5A8639DE1ECD5BE500F3D3C5 /* AppDelegate.h */ = {isa = PBXFileReference; lastKnownFileType = sourcecode.c.h; path = AppDelegate.h; sourceTree = "<group>"; };
		5A8639DF1ECD5BE500F3D3C5 /* AppDelegate.m */ = {isa = PBXFileReference; lastKnownFileType = sourcecode.c.objc; path = AppDelegate.m; sourceTree = "<group>"; };
		5A8639E51ECD5BE500F3D3C5 /* Base */ = {isa = PBXFileReference; lastKnownFileType = file.storyboard; name = Base; path = Base.lproj/Main.storyboard; sourceTree = "<group>"; };
		5A8639E71ECD5BE500F3D3C5 /* Assets.xcassets */ = {isa = PBXFileReference; lastKnownFileType = folder.assetcatalog; path = Assets.xcassets; sourceTree = "<group>"; };
		5A8639EA1ECD5BE500F3D3C5 /* Base */ = {isa = PBXFileReference; lastKnownFileType = file.storyboard; name = Base; path = Base.lproj/LaunchScreen.storyboard; sourceTree = "<group>"; };
		5A8639EC1ECD5BE500F3D3C5 /* Info.plist */ = {isa = PBXFileReference; lastKnownFileType = text.plist.xml; path = Info.plist; sourceTree = "<group>"; };
		5A8639F11ECD5BE500F3D3C5 /* ContactListTests.xctest */ = {isa = PBXFileReference; explicitFileType = wrapper.cfbundle; includeInIndex = 0; path = ContactListTests.xctest; sourceTree = BUILT_PRODUCTS_DIR; };
		5A8639F51ECD5BE500F3D3C5 /* ContactListTests.m */ = {isa = PBXFileReference; lastKnownFileType = sourcecode.c.objc; path = ContactListTests.m; sourceTree = "<group>"; };
		5A8639F71ECD5BE500F3D3C5 /* Info.plist */ = {isa = PBXFileReference; lastKnownFileType = text.plist.xml; path = Info.plist; sourceTree = "<group>"; };
		5A863A071ECD5D3000F3D3C5 /* ContactListViewController.h */ = {isa = PBXFileReference; fileEncoding = 4; lastKnownFileType = sourcecode.c.h; path = ContactListViewController.h; sourceTree = "<group>"; };
		5A863A081ECD5D3000F3D3C5 /* ContactListViewController.m */ = {isa = PBXFileReference; fileEncoding = 4; lastKnownFileType = sourcecode.c.objc; path = ContactListViewController.m; sourceTree = "<group>"; };
		5A863A0F1ECD5E4900F3D3C5 /* ContactInfoTableViewCell.xib */ = {isa = PBXFileReference; fileEncoding = 4; lastKnownFileType = file.xib; path = ContactInfoTableViewCell.xib; sourceTree = "<group>"; };
		5A863A121ECD5EC700F3D3C5 /* ContactInfoTableViewCell.h */ = {isa = PBXFileReference; fileEncoding = 4; lastKnownFileType = sourcecode.c.h; path = ContactInfoTableViewCell.h; sourceTree = "<group>"; };
		5A863A131ECD5EC700F3D3C5 /* ContactInfoTableViewCell.m */ = {isa = PBXFileReference; fileEncoding = 4; lastKnownFileType = sourcecode.c.objc; path = ContactInfoTableViewCell.m; sourceTree = "<group>"; };
		5A863A161ECD638D00F3D3C5 /* ContactPerson.h */ = {isa = PBXFileReference; fileEncoding = 4; lastKnownFileType = sourcecode.c.h; path = ContactPerson.h; sourceTree = "<group>"; };
		5A863A171ECD638D00F3D3C5 /* ContactPerson.m */ = {isa = PBXFileReference; fileEncoding = 4; lastKnownFileType = sourcecode.c.objc; path = ContactPerson.m; sourceTree = "<group>"; };
/* End PBXFileReference section */

/* Begin PBXFrameworksBuildPhase section */
		5A8639D51ECD5BE500F3D3C5 /* Frameworks */ = {
			isa = PBXFrameworksBuildPhase;
			buildActionMask = 2147483647;
			files = (
			);
			runOnlyForDeploymentPostprocessing = 0;
		};
		5A8639EE1ECD5BE500F3D3C5 /* Frameworks */ = {
			isa = PBXFrameworksBuildPhase;
			buildActionMask = 2147483647;
			files = (
			);
			runOnlyForDeploymentPostprocessing = 0;
		};
/* End PBXFrameworksBuildPhase section */

/* Begin PBXGroup section */
		5A830AAA1ECECB3D00BB9299 /* Utilities */ = {
			isa = PBXGroup;
			children = (
				5A830AAB1ECECB7A00BB9299 /* ColorGenerator.h */,
				5A830AAC1ECECB7A00BB9299 /* ColorGenerator.m */,
			);
			path = Utilities;
			sourceTree = "<group>";
		};
		5A830AB71ECED7A500BB9299 /* Extensions */ = {
			isa = PBXGroup;
			children = (
				5A830ABE1ECED85100BB9299 /* UIAlertController+ContactList.h */,
				5A830ABF1ECED85100BB9299 /* UIAlertController+ContactList.m */,
			);
			path = Extensions;
			sourceTree = "<group>";
		};
		5A8639CF1ECD5BE500F3D3C5 = {
			isa = PBXGroup;
			children = (
				5A8639DA1ECD5BE500F3D3C5 /* ContactList */,
				5A8639F41ECD5BE500F3D3C5 /* ContactListTests */,
				5A8639D91ECD5BE500F3D3C5 /* Products */,
			);
			sourceTree = "<group>";
		};
		5A8639D91ECD5BE500F3D3C5 /* Products */ = {
			isa = PBXGroup;
			children = (
				5A8639D81ECD5BE500F3D3C5 /* ContactList.app */,
				5A8639F11ECD5BE500F3D3C5 /* ContactListTests.xctest */,
			);
			name = Products;
			sourceTree = "<group>";
		};
		5A8639DA1ECD5BE500F3D3C5 /* ContactList */ = {
			isa = PBXGroup;
			children = (
				5A8639E41ECD5BE500F3D3C5 /* Main.storyboard */,
				5A8639DE1ECD5BE500F3D3C5 /* AppDelegate.h */,
				5A8639DF1ECD5BE500F3D3C5 /* AppDelegate.m */,
				5A863A041ECD5D0E00F3D3C5 /* Controllers */,
				5A863A051ECD5D0E00F3D3C5 /* Objects */,
				5A863A061ECD5D0E00F3D3C5 /* Views */,
				5A830AAA1ECECB3D00BB9299 /* Utilities */,
				5A830AB71ECED7A500BB9299 /* Extensions */,
				5A8639E71ECD5BE500F3D3C5 /* Assets.xcassets */,
				5A8639E91ECD5BE500F3D3C5 /* LaunchScreen.storyboard */,
				5A8639EC1ECD5BE500F3D3C5 /* Info.plist */,
				5A8639DB1ECD5BE500F3D3C5 /* Supporting Files */,
			);
			path = ContactList;
			sourceTree = "<group>";
		};
		5A8639DB1ECD5BE500F3D3C5 /* Supporting Files */ = {
			isa = PBXGroup;
			children = (
				5A8639DC1ECD5BE500F3D3C5 /* main.m */,
			);
			name = "Supporting Files";
			sourceTree = "<group>";
		};
		5A8639F41ECD5BE500F3D3C5 /* ContactListTests */ = {
			isa = PBXGroup;
			children = (
				5A8639F51ECD5BE500F3D3C5 /* ContactListTests.m */,
				5A8639F71ECD5BE500F3D3C5 /* Info.plist */,
			);
			path = ContactListTests;
			sourceTree = "<group>";
		};
		5A863A041ECD5D0E00F3D3C5 /* Controllers */ = {
			isa = PBXGroup;
			children = (
				5A863A071ECD5D3000F3D3C5 /* ContactListViewController.h */,
				5A863A081ECD5D3000F3D3C5 /* ContactListViewController.m */,
			);
			path = Controllers;
			sourceTree = "<group>";
		};
		5A863A051ECD5D0E00F3D3C5 /* Objects */ = {
			isa = PBXGroup;
			children = (
				5A863A161ECD638D00F3D3C5 /* ContactPerson.h */,
				5A863A171ECD638D00F3D3C5 /* ContactPerson.m */,
			);
			path = Objects;
			sourceTree = "<group>";
		};
		5A863A061ECD5D0E00F3D3C5 /* Views */ = {
			isa = PBXGroup;
			children = (
				5A863A121ECD5EC700F3D3C5 /* ContactInfoTableViewCell.h */,
				5A863A131ECD5EC700F3D3C5 /* ContactInfoTableViewCell.m */,
				5A863A0F1ECD5E4900F3D3C5 /* ContactInfoTableViewCell.xib */,
			);
			path = Views;
			sourceTree = "<group>";
		};
/* End PBXGroup section */

/* Begin PBXNativeTarget section */
		5A8639D71ECD5BE500F3D3C5 /* ContactList */ = {
			isa = PBXNativeTarget;
			buildConfigurationList = 5A8639FA1ECD5BE500F3D3C5 /* Build configuration list for PBXNativeTarget "ContactList" */;
			buildPhases = (
				5A8639D41ECD5BE500F3D3C5 /* Sources */,
				5A8639D51ECD5BE500F3D3C5 /* Frameworks */,
				5A8639D61ECD5BE500F3D3C5 /* Resources */,
			);
			buildRules = (
			);
			dependencies = (
			);
			name = ContactList;
			productName = ContactList;
			productReference = 5A8639D81ECD5BE500F3D3C5 /* ContactList.app */;
			productType = "com.apple.product-type.application";
		};
		5A8639F01ECD5BE500F3D3C5 /* ContactListTests */ = {
			isa = PBXNativeTarget;
			buildConfigurationList = 5A8639FD1ECD5BE500F3D3C5 /* Build configuration list for PBXNativeTarget "ContactListTests" */;
			buildPhases = (
				5A8639ED1ECD5BE500F3D3C5 /* Sources */,
				5A8639EE1ECD5BE500F3D3C5 /* Frameworks */,
				5A8639EF1ECD5BE500F3D3C5 /* Resources */,
			);
			buildRules = (
			);
			dependencies = (
				5A8639F31ECD5BE500F3D3C5 /* PBXTargetDependency */,
			);
			name = ContactListTests;
			productName = ContactListTests;
			productReference = 5A8639F11ECD5BE500F3D3C5 /* ContactListTests.xctest */;
			productType = "com.apple.product-type.bundle.unit-test";
		};
/* End PBXNativeTarget section */

/* Begin PBXProject section */
		5A8639D01ECD5BE500F3D3C5 /* Project object */ = {
			isa = PBXProject;
			attributes = {
				LastUpgradeCheck = 0820;
				ORGANIZATIONNAME = "Ivy Xing";
				TargetAttributes = {
					5A8639D71ECD5BE500F3D3C5 = {
						CreatedOnToolsVersion = 8.2.1;
						DevelopmentTeam = TB9WEC63DM;
						ProvisioningStyle = Automatic;
					};
					5A8639F01ECD5BE500F3D3C5 = {
						CreatedOnToolsVersion = 8.2.1;
						DevelopmentTeam = TB9WEC63DM;
						ProvisioningStyle = Automatic;
						TestTargetID = 5A8639D71ECD5BE500F3D3C5;
					};
				};
			};
			buildConfigurationList = 5A8639D31ECD5BE500F3D3C5 /* Build configuration list for PBXProject "ContactList" */;
			compatibilityVersion = "Xcode 3.2";
			developmentRegion = English;
			hasScannedForEncodings = 0;
			knownRegions = (
				en,
				Base,
			);
			mainGroup = 5A8639CF1ECD5BE500F3D3C5;
			productRefGroup = 5A8639D91ECD5BE500F3D3C5 /* Products */;
			projectDirPath = "";
			projectRoot = "";
			targets = (
				5A8639D71ECD5BE500F3D3C5 /* ContactList */,
				5A8639F01ECD5BE500F3D3C5 /* ContactListTests */,
			);
		};
/* End PBXProject section */

/* Begin PBXResourcesBuildPhase section */
		5A8639D61ECD5BE500F3D3C5 /* Resources */ = {
			isa = PBXResourcesBuildPhase;
			buildActionMask = 2147483647;
			files = (
				5A863A101ECD5E4900F3D3C5 /* ContactInfoTableViewCell.xib in Resources */,
				5A8639EB1ECD5BE500F3D3C5 /* LaunchScreen.storyboard in Resources */,
				5A8639E81ECD5BE500F3D3C5 /* Assets.xcassets in Resources */,
				5A8639E61ECD5BE500F3D3C5 /* Main.storyboard in Resources */,
			);
			runOnlyForDeploymentPostprocessing = 0;
		};
		5A8639EF1ECD5BE500F3D3C5 /* Resources */ = {
			isa = PBXResourcesBuildPhase;
			buildActionMask = 2147483647;
			files = (
				5A863A111ECD5E4900F3D3C5 /* ContactInfoTableViewCell.xib in Resources */,
			);
			runOnlyForDeploymentPostprocessing = 0;
		};
/* End PBXResourcesBuildPhase section */

/* Begin PBXSourcesBuildPhase section */
		5A8639D41ECD5BE500F3D3C5 /* Sources */ = {
			isa = PBXSourcesBuildPhase;
			buildActionMask = 2147483647;
			files = (
				5A863A181ECD638D00F3D3C5 /* ContactPerson.m in Sources */,
				5A830AC01ECED85100BB9299 /* UIAlertController+ContactList.m in Sources */,
				5A863A141ECD5EC700F3D3C5 /* ContactInfoTableViewCell.m in Sources */,
				5A8639E01ECD5BE500F3D3C5 /* AppDelegate.m in Sources */,
				5A863A091ECD5D3000F3D3C5 /* ContactListViewController.m in Sources */,
				5A8639DD1ECD5BE500F3D3C5 /* main.m in Sources */,
				5A830AAD1ECECB7A00BB9299 /* ColorGenerator.m in Sources */,
			);
			runOnlyForDeploymentPostprocessing = 0;
		};
		5A8639ED1ECD5BE500F3D3C5 /* Sources */ = {
			isa = PBXSourcesBuildPhase;
			buildActionMask = 2147483647;
			files = (
				5A863A151ECD5EC700F3D3C5 /* ContactInfoTableViewCell.m in Sources */,
				5A863A191ECD638D00F3D3C5 /* ContactPerson.m in Sources */,
				5A8639F61ECD5BE500F3D3C5 /* ContactListTests.m in Sources */,
				5A863A0A1ECD5D3000F3D3C5 /* ContactListViewController.m in Sources */,
			);
			runOnlyForDeploymentPostprocessing = 0;
		};
/* End PBXSourcesBuildPhase section */

/* Begin PBXTargetDependency section */
		5A8639F31ECD5BE500F3D3C5 /* PBXTargetDependency */ = {
			isa = PBXTargetDependency;
			target = 5A8639D71ECD5BE500F3D3C5 /* ContactList */;
			targetProxy = 5A8639F21ECD5BE500F3D3C5 /* PBXContainerItemProxy */;
		};
/* End PBXTargetDependency section */

/* Begin PBXVariantGroup section */
		5A8639E41ECD5BE500F3D3C5 /* Main.storyboard */ = {
			isa = PBXVariantGroup;
			children = (
				5A8639E51ECD5BE500F3D3C5 /* Base */,
			);
			name = Main.storyboard;
			sourceTree = "<group>";
		};
		5A8639E91ECD5BE500F3D3C5 /* LaunchScreen.storyboard */ = {
			isa = PBXVariantGroup;
			children = (
				5A8639EA1ECD5BE500F3D3C5 /* Base */,
			);
			name = LaunchScreen.storyboard;
			sourceTree = "<group>";
		};
/* End PBXVariantGroup section */

/* Begin XCBuildConfiguration section */
		5A8639F81ECD5BE500F3D3C5 /* Debug */ = {
			isa = XCBuildConfiguration;
			buildSettings = {
				ALWAYS_SEARCH_USER_PATHS = NO;
				CLANG_ANALYZER_NONNULL = YES;
				CLANG_CXX_LANGUAGE_STANDARD = "gnu++0x";
				CLANG_CXX_LIBRARY = "libc++";
				CLANG_ENABLE_MODULES = YES;
				CLANG_ENABLE_OBJC_ARC = YES;
				CLANG_WARN_BOOL_CONVERSION = YES;
				CLANG_WARN_CONSTANT_CONVERSION = YES;
				CLANG_WARN_DIRECT_OBJC_ISA_USAGE = YES_ERROR;
				CLANG_WARN_DOCUMENTATION_COMMENTS = YES;
				CLANG_WARN_EMPTY_BODY = YES;
				CLANG_WARN_ENUM_CONVERSION = YES;
				CLANG_WARN_INFINITE_RECURSION = YES;
				CLANG_WARN_INT_CONVERSION = YES;
				CLANG_WARN_OBJC_ROOT_CLASS = YES_ERROR;
				CLANG_WARN_SUSPICIOUS_MOVE = YES;
				CLANG_WARN_UNREACHABLE_CODE = YES;
				CLANG_WARN__DUPLICATE_METHOD_MATCH = YES;
				"CODE_SIGN_IDENTITY[sdk=iphoneos*]" = "iPhone Developer";
				COPY_PHASE_STRIP = NO;
				DEBUG_INFORMATION_FORMAT = dwarf;
				ENABLE_STRICT_OBJC_MSGSEND = YES;
				ENABLE_TESTABILITY = YES;
				GCC_C_LANGUAGE_STANDARD = gnu99;
				GCC_DYNAMIC_NO_PIC = NO;
				GCC_NO_COMMON_BLOCKS = YES;
				GCC_OPTIMIZATION_LEVEL = 0;
				GCC_PREPROCESSOR_DEFINITIONS = (
					"DEBUG=1",
					"$(inherited)",
				);
				GCC_WARN_64_TO_32_BIT_CONVERSION = YES;
				GCC_WARN_ABOUT_RETURN_TYPE = YES_ERROR;
				GCC_WARN_UNDECLARED_SELECTOR = YES;
				GCC_WARN_UNINITIALIZED_AUTOS = YES_AGGRESSIVE;
				GCC_WARN_UNUSED_FUNCTION = YES;
				GCC_WARN_UNUSED_VARIABLE = YES;
				IPHONEOS_DEPLOYMENT_TARGET = 10.2;
				MTL_ENABLE_DEBUG_INFO = YES;
				ONLY_ACTIVE_ARCH = YES;
				SDKROOT = iphoneos;
				TARGETED_DEVICE_FAMILY = "1,2";
			};
			name = Debug;
		};
		5A8639F91ECD5BE500F3D3C5 /* Release */ = {
			isa = XCBuildConfiguration;
			buildSettings = {
				ALWAYS_SEARCH_USER_PATHS = NO;
				CLANG_ANALYZER_NONNULL = YES;
				CLANG_CXX_LANGUAGE_STANDARD = "gnu++0x";
				CLANG_CXX_LIBRARY = "libc++";
				CLANG_ENABLE_MODULES = YES;
				CLANG_ENABLE_OBJC_ARC = YES;
				CLANG_WARN_BOOL_CONVERSION = YES;
				CLANG_WARN_CONSTANT_CONVERSION = YES;
				CLANG_WARN_DIRECT_OBJC_ISA_USAGE = YES_ERROR;
				CLANG_WARN_DOCUMENTATION_COMMENTS = YES;
				CLANG_WARN_EMPTY_BODY = YES;
				CLANG_WARN_ENUM_CONVERSION = YES;
				CLANG_WARN_INFINITE_RECURSION = YES;
				CLANG_WARN_INT_CONVERSION = YES;
				CLANG_WARN_OBJC_ROOT_CLASS = YES_ERROR;
				CLANG_WARN_SUSPICIOUS_MOVE = YES;
				CLANG_WARN_UNREACHABLE_CODE = YES;
				CLANG_WARN__DUPLICATE_METHOD_MATCH = YES;
				"CODE_SIGN_IDENTITY[sdk=iphoneos*]" = "iPhone Developer";
				COPY_PHASE_STRIP = NO;
				DEBUG_INFORMATION_FORMAT = "dwarf-with-dsym";
				ENABLE_NS_ASSERTIONS = NO;
				ENABLE_STRICT_OBJC_MSGSEND = YES;
				GCC_C_LANGUAGE_STANDARD = gnu99;
				GCC_NO_COMMON_BLOCKS = YES;
				GCC_WARN_64_TO_32_BIT_CONVERSION = YES;
				GCC_WARN_ABOUT_RETURN_TYPE = YES_ERROR;
				GCC_WARN_UNDECLARED_SELECTOR = YES;
				GCC_WARN_UNINITIALIZED_AUTOS = YES_AGGRESSIVE;
				GCC_WARN_UNUSED_FUNCTION = YES;
				GCC_WARN_UNUSED_VARIABLE = YES;
				IPHONEOS_DEPLOYMENT_TARGET = 10.2;
				MTL_ENABLE_DEBUG_INFO = NO;
				SDKROOT = iphoneos;
				TARGETED_DEVICE_FAMILY = "1,2";
				VALIDATE_PRODUCT = YES;
			};
			name = Release;
		};
		5A8639FB1ECD5BE500F3D3C5 /* Debug */ = {
			isa = XCBuildConfiguration;
			buildSettings = {
				ASSETCATALOG_COMPILER_APPICON_NAME = AppIcon;
				DEVELOPMENT_TEAM = TB9WEC63DM;
				INFOPLIST_FILE = ContactList/Info.plist;
				LD_RUNPATH_SEARCH_PATHS = "$(inherited) @executable_path/Frameworks";
				PRODUCT_BUNDLE_IDENTIFIER = com.ivyxing.ContactList;
				PRODUCT_NAME = "$(TARGET_NAME)";
			};
			name = Debug;
		};
		5A8639FC1ECD5BE500F3D3C5 /* Release */ = {
			isa = XCBuildConfiguration;
			buildSettings = {
				ASSETCATALOG_COMPILER_APPICON_NAME = AppIcon;
				DEVELOPMENT_TEAM = TB9WEC63DM;
				INFOPLIST_FILE = ContactList/Info.plist;
				LD_RUNPATH_SEARCH_PATHS = "$(inherited) @executable_path/Frameworks";
				PRODUCT_BUNDLE_IDENTIFIER = com.ivyxing.ContactList;
				PRODUCT_NAME = "$(TARGET_NAME)";
			};
			name = Release;
		};
		5A8639FE1ECD5BE500F3D3C5 /* Debug */ = {
			isa = XCBuildConfiguration;
			buildSettings = {
				BUNDLE_LOADER = "$(TEST_HOST)";
				DEVELOPMENT_TEAM = TB9WEC63DM;
				INFOPLIST_FILE = ContactListTests/Info.plist;
				LD_RUNPATH_SEARCH_PATHS = "$(inherited) @executable_path/Frameworks @loader_path/Frameworks";
				PRODUCT_BUNDLE_IDENTIFIER = com.ivyxing.ContactListTests;
				PRODUCT_NAME = "$(TARGET_NAME)";
				TEST_HOST = "$(BUILT_PRODUCTS_DIR)/ContactList.app/ContactList";
			};
			name = Debug;
		};
		5A8639FF1ECD5BE500F3D3C5 /* Release */ = {
			isa = XCBuildConfiguration;
			buildSettings = {
				BUNDLE_LOADER = "$(TEST_HOST)";
				DEVELOPMENT_TEAM = TB9WEC63DM;
				INFOPLIST_FILE = ContactListTests/Info.plist;
				LD_RUNPATH_SEARCH_PATHS = "$(inherited) @executable_path/Frameworks @loader_path/Frameworks";
				PRODUCT_BUNDLE_IDENTIFIER = com.ivyxing.ContactListTests;
				PRODUCT_NAME = "$(TARGET_NAME)";
				TEST_HOST = "$(BUILT_PRODUCTS_DIR)/ContactList.app/ContactList";
			};
			name = Release;
		};
/* End XCBuildConfiguration section */

/* Begin XCConfigurationList section */
		5A8639D31ECD5BE500F3D3C5 /* Build configuration list for PBXProject "ContactList" */ = {
			isa = XCConfigurationList;
			buildConfigurations = (
				5A8639F81ECD5BE500F3D3C5 /* Debug */,
				5A8639F91ECD5BE500F3D3C5 /* Release */,
			);
			defaultConfigurationIsVisible = 0;
			defaultConfigurationName = Release;
		};
		5A8639FA1ECD5BE500F3D3C5 /* Build configuration list for PBXNativeTarget "ContactList" */ = {
			isa = XCConfigurationList;
			buildConfigurations = (
				5A8639FB1ECD5BE500F3D3C5 /* Debug */,
				5A8639FC1ECD5BE500F3D3C5 /* Release */,
			);
			defaultConfigurationIsVisible = 0;
			defaultConfigurationName = Release;
		};
		5A8639FD1ECD5BE500F3D3C5 /* Build configuration list for PBXNativeTarget "ContactListTests" */ = {
			isa = XCConfigurationList;
			buildConfigurations = (
				5A8639FE1ECD5BE500F3D3C5 /* Debug */,
				5A8639FF1ECD5BE500F3D3C5 /* Release */,
			);
			defaultConfigurationIsVisible = 0;
			defaultConfigurationName = Release;
		};
/* End XCConfigurationList section */
	};
	rootObject = 5A8639D01ECD5BE500F3D3C5 /* Project object */;
}
